
Microsoft Visual Studio Solution File, Format Version 12.00
# Visual Studio Version 16
VisualStudioVersion = 16.0.31112.23
MinimumVisualStudioVersion = 10.0.40219.1
Project("{FAE04EC0-301F-11D3-BF4B-00C04F79EFBC}") = "ServerConfigRest_090_Aqfa_Allowdya_Diamytara", "ServerConfigRest_090_Aqfa_Allowdya_Diamytara\ServerConfigRest_090_Aqfa_Allowdya_Diamytara.csproj", "{2A1B6086-7D97-4E20-849F-C2FCCFE9B08A}"
EndProject
Global
	GlobalSection(SolutionConfigurationPlatforms) = preSolution
		Debug|Any CPU = Debug|Any CPU
		Release|Any CPU = Release|Any CPU
	EndGlobalSection
	GlobalSection(ProjectConfigurationPlatforms) = postSolution
		{2A1B6086-7D97-4E20-849F-C2FCCFE9B08A}.Debug|Any CPU.ActiveCfg = Debug|Any CPU
		{2A1B6086-7D97-4E20-849F-C2FCCFE9B08A}.Debug|Any CPU.Build.0 = Debug|Any CPU
		{2A1B6086-7D97-4E20-849F-C2FCCFE9B08A}.Release|Any CPU.ActiveCfg = Release|Any CPU
		{2A1B6086-7D97-4E20-849F-C2FCCFE9B08A}.Release|Any CPU.Build.0 = Release|Any CPU
	EndGlobalSection
	GlobalSection(SolutionProperties) = preSolution
		HideSolutionNode = FALSE
	EndGlobalSection
	GlobalSection(ExtensibilityGlobals) = postSolution
		SolutionGuid = {CBC7EC96-8C3E-485A-8821-1DCC072875B6}
	EndGlobalSection
EndGlobal
